// !$*UTF8*$!
{
	archiveVersion = 1;
	classes = {
	};
	objectVersion = 56;
	objects = {

/* Begin PBXBuildFile section */
		BC1278D42B7CB2AE00C42283 /* PracticeProjectApp.swift in Sources */ = {isa = PBXBuildFile; fileRef = BC1278D32B7CB2AE00C42283 /* PracticeProjectApp.swift */; };
		BC1278D62B7CB2AE00C42283 /* AuthView.swift in Sources */ = {isa = PBXBuildFile; fileRef = BC1278D52B7CB2AE00C42283 /* AuthView.swift */; };
		BC1278D82B7CB2AF00C42283 /* Assets.xcassets in Resources */ = {isa = PBXBuildFile; fileRef = BC1278D72B7CB2AF00C42283 /* Assets.xcassets */; };
		BC1278DB2B7CB2AF00C42283 /* Preview Assets.xcassets in Resources */ = {isa = PBXBuildFile; fileRef = BC1278DA2B7CB2AF00C42283 /* Preview Assets.xcassets */; };
		BC21E93A2B7DFF3D002AED0D /* SignInButtonView.swift in Sources */ = {isa = PBXBuildFile; fileRef = BC21E9392B7DFF3D002AED0D /* SignInButtonView.swift */; };
		BC21E93E2B7E0059002AED0D /* EmailTextFieldView.swift in Sources */ = {isa = PBXBuildFile; fileRef = BC21E93D2B7E0059002AED0D /* EmailTextFieldView.swift */; };
		BC21E9402B7E03D5002AED0D /* PasswordTextFieldView.swift in Sources */ = {isa = PBXBuildFile; fileRef = BC21E93F2B7E03D5002AED0D /* PasswordTextFieldView.swift */; };
		BC21E9432B7E04C6002AED0D /* TextFieldModifier.swift in Sources */ = {isa = PBXBuildFile; fileRef = BC21E9422B7E04C6002AED0D /* TextFieldModifier.swift */; };
/* End PBXBuildFile section */

/* Begin PBXFileReference section */
		BC1278D02B7CB2AE00C42283 /* PracticeProject.app */ = {isa = PBXFileReference; explicitFileType = wrapper.application; includeInIndex = 0; path = PracticeProject.app; sourceTree = BUILT_PRODUCTS_DIR; };
		BC1278D32B7CB2AE00C42283 /* PracticeProjectApp.swift */ = {isa = PBXFileReference; lastKnownFileType = sourcecode.swift; path = PracticeProjectApp.swift; sourceTree = "<group>"; };
		BC1278D52B7CB2AE00C42283 /* AuthView.swift */ = {isa = PBXFileReference; lastKnownFileType = sourcecode.swift; path = AuthView.swift; sourceTree = "<group>"; };
		BC1278D72B7CB2AF00C42283 /* Assets.xcassets */ = {isa = PBXFileReference; lastKnownFileType = folder.assetcatalog; path = Assets.xcassets; sourceTree = "<group>"; };
		BC1278DA2B7CB2AF00C42283 /* Preview Assets.xcassets */ = {isa = PBXFileReference; lastKnownFileType = folder.assetcatalog; path = "Preview Assets.xcassets"; sourceTree = "<group>"; };
		BC21E9392B7DFF3D002AED0D /* SignInButtonView.swift */ = {isa = PBXFileReference; lastKnownFileType = sourcecode.swift; path = SignInButtonView.swift; sourceTree = "<group>"; };
		BC21E93D2B7E0059002AED0D /* EmailTextFieldView.swift */ = {isa = PBXFileReference; lastKnownFileType = sourcecode.swift; path = EmailTextFieldView.swift; sourceTree = "<group>"; };
		BC21E93F2B7E03D5002AED0D /* PasswordTextFieldView.swift */ = {isa = PBXFileReference; lastKnownFileType = sourcecode.swift; path = PasswordTextFieldView.swift; sourceTree = "<group>"; };
		BC21E9422B7E04C6002AED0D /* TextFieldModifier.swift */ = {isa = PBXFileReference; lastKnownFileType = sourcecode.swift; path = TextFieldModifier.swift; sourceTree = "<group>"; };
/* End PBXFileReference section */

/* Begin PBXFrameworksBuildPhase section */
		BC1278CD2B7CB2AE00C42283 /* Frameworks */ = {
			isa = PBXFrameworksBuildPhase;
			buildActionMask = 2147483647;
			files = (
			);
			runOnlyForDeploymentPostprocessing = 0;
		};
/* End PBXFrameworksBuildPhase section */

/* Begin PBXGroup section */
		BC1278C72B7CB2AE00C42283 = {
			isa = PBXGroup;
			children = (
				BC1278D22B7CB2AE00C42283 /* PracticeProject */,
				BC1278D12B7CB2AE00C42283 /* Products */,
			);
			sourceTree = "<group>";
		};
		BC1278D12B7CB2AE00C42283 /* Products */ = {
			isa = PBXGroup;
			children = (
				BC1278D02B7CB2AE00C42283 /* PracticeProject.app */,
			);
			name = Products;
			sourceTree = "<group>";
		};
		BC1278D22B7CB2AE00C42283 /* PracticeProject */ = {
			isa = PBXGroup;
			children = (
				BC21E9412B7E04A9002AED0D /* Modifiers */,
				BC21E9382B7DFF1F002AED0D /* Components */,
				BC1278D32B7CB2AE00C42283 /* PracticeProjectApp.swift */,
				BC1278D52B7CB2AE00C42283 /* AuthView.swift */,
				BC1278D72B7CB2AF00C42283 /* Assets.xcassets */,
				BC1278D92B7CB2AF00C42283 /* Preview Content */,
			);
			path = PracticeProject;
			sourceTree = "<group>";
		};
		BC1278D92B7CB2AF00C42283 /* Preview Content */ = {
			isa = PBXGroup;
			children = (
				BC1278DA2B7CB2AF00C42283 /* Preview Assets.xcassets */,
			);
			path = "Preview Content";
			sourceTree = "<group>";
		};
		BC21E9382B7DFF1F002AED0D /* Components */ = {
			isa = PBXGroup;
			children = (
				BC21E9392B7DFF3D002AED0D /* SignInButtonView.swift */,
				BC21E93D2B7E0059002AED0D /* EmailTextFieldView.swift */,
				BC21E93F2B7E03D5002AED0D /* PasswordTextFieldView.swift */,
			);
			path = Components;
			sourceTree = "<group>";
		};
		BC21E9412B7E04A9002AED0D /* Modifiers */ = {
			isa = PBXGroup;
			children = (
				BC21E9422B7E04C6002AED0D /* TextFieldModifier.swift */,
			);
			path = Modifiers;
			sourceTree = "<group>";
		};
/* End PBXGroup section */

/* Begin PBXNativeTarget section */
		BC1278CF2B7CB2AE00C42283 /* PracticeProject */ = {
			isa = PBXNativeTarget;
			buildConfigurationList = BC1278DE2B7CB2AF00C42283 /* Build configuration list for PBXNativeTarget "PracticeProject" */;
			buildPhases = (
				BC1278CC2B7CB2AE00C42283 /* Sources */,
				BC1278CD2B7CB2AE00C42283 /* Frameworks */,
				BC1278CE2B7CB2AE00C42283 /* Resources */,
			);
			buildRules = (
			);
			dependencies = (
			);
			name = PracticeProject;
			productName = PracticeProject;
			productReference = BC1278D02B7CB2AE00C42283 /* PracticeProject.app */;
			productType = "com.apple.product-type.application";
		};
/* End PBXNativeTarget section */

/* Begin PBXProject section */
		BC1278C82B7CB2AE00C42283 /* Project object */ = {
			isa = PBXProject;
			attributes = {
				BuildIndependentTargetsInParallel = 1;
				LastSwiftUpdateCheck = 1500;
				LastUpgradeCheck = 1500;
				TargetAttributes = {
					BC1278CF2B7CB2AE00C42283 = {
						CreatedOnToolsVersion = 15.0;
					};
				};
			};
			buildConfigurationList = BC1278CB2B7CB2AE00C42283 /* Build configuration list for PBXProject "PracticeProject" */;
			compatibilityVersion = "Xcode 14.0";
			developmentRegion = en;
			hasScannedForEncodings = 0;
			knownRegions = (
				en,
				Base,
			);
			mainGroup = BC1278C72B7CB2AE00C42283;
			productRefGroup = BC1278D12B7CB2AE00C42283 /* Products */;
			projectDirPath = "";
			projectRoot = "";
			targets = (
				BC1278CF2B7CB2AE00C42283 /* PracticeProject */,
			);
		};
/* End PBXProject section */

/* Begin PBXResourcesBuildPhase section */
		BC1278CE2B7CB2AE00C42283 /* Resources */ = {
			isa = PBXResourcesBuildPhase;
			buildActionMask = 2147483647;
			files = (
				BC1278DB2B7CB2AF00C42283 /* Preview Assets.xcassets in Resources */,
				BC1278D82B7CB2AF00C42283 /* Assets.xcassets in Resources */,
			);
			runOnlyForDeploymentPostprocessing = 0;
		};
/* End PBXResourcesBuildPhase section */

/* Begin PBXSourcesBuildPhase section */
		BC1278CC2B7CB2AE00C42283 /* Sources */ = {
			isa = PBXSourcesBuildPhase;
			buildActionMask = 2147483647;
			files = (
				BC21E9432B7E04C6002AED0D /* TextFieldModifier.swift in Sources */,
				BC21E93A2B7DFF3D002AED0D /* SignInButtonView.swift in Sources */,
				BC1278D62B7CB2AE00C42283 /* AuthView.swift in Sources */,
				BC21E9402B7E03D5002AED0D /* PasswordTextFieldView.swift in Sources */,
				BC21E93E2B7E0059002AED0D /* EmailTextFieldView.swift in Sources */,
				BC1278D42B7CB2AE00C42283 /* PracticeProjectApp.swift in Sources */,
			);
			runOnlyForDeploymentPostprocessing = 0;
		};
/* End PBXSourcesBuildPhase section */

/* Begin XCBuildConfiguration section */
		BC1278DC2B7CB2AF00C42283 /* Debug */ = {
			isa = XCBuildConfiguration;
			buildSettings = {
				ALWAYS_SEARCH_USER_PATHS = NO;
				ASSETCATALOG_COMPILER_GENERATE_SWIFT_ASSET_SYMBOL_EXTENSIONS = YES;
				CLANG_ANALYZER_NONNULL = YES;
				CLANG_ANALYZER_NUMBER_OBJECT_CONVERSION = YES_AGGRESSIVE;
				CLANG_CXX_LANGUAGE_STANDARD = "gnu++20";
				CLANG_ENABLE_MODULES = YES;
				CLANG_ENABLE_OBJC_ARC = YES;
				CLANG_ENABLE_OBJC_WEAK = YES;
				CLANG_WARN_BLOCK_CAPTURE_AUTORELEASING = YES;
				CLANG_WARN_BOOL_CONVERSION = YES;
				CLANG_WARN_COMMA = YES;
				CLANG_WARN_CONSTANT_CONVERSION = YES;
				CLANG_WARN_DEPRECATED_OBJC_IMPLEMENTATIONS = YES;
				CLANG_WARN_DIRECT_OBJC_ISA_USAGE = YES_ERROR;
				CLANG_WARN_DOCUMENTATION_COMMENTS = YES;
				CLANG_WARN_EMPTY_BODY = YES;
				CLANG_WARN_ENUM_CONVERSION = YES;
				CLANG_WARN_INFINITE_RECURSION = YES;
				CLANG_WARN_INT_CONVERSION = YES;
				CLANG_WARN_NON_LITERAL_NULL_CONVERSION = YES;
				CLANG_WARN_OBJC_IMPLICIT_RETAIN_SELF = YES;
				CLANG_WARN_OBJC_LITERAL_CONVERSION = YES;
				CLANG_WARN_OBJC_ROOT_CLASS = YES_ERROR;
				CLANG_WARN_QUOTED_INCLUDE_IN_FRAMEWORK_HEADER = YES;
				CLANG_WARN_RANGE_LOOP_ANALYSIS = YES;
				CLANG_WARN_STRICT_PROTOTYPES = YES;
				CLANG_WARN_SUSPICIOUS_MOVE = YES;
				CLANG_WARN_UNGUARDED_AVAILABILITY = YES_AGGRESSIVE;
				CLANG_WARN_UNREACHABLE_CODE = YES;
				CLANG_WARN__DUPLICATE_METHOD_MATCH = YES;
				COPY_PHASE_STRIP = NO;
				DEBUG_INFORMATION_FORMAT = dwarf;
				ENABLE_STRICT_OBJC_MSGSEND = YES;
				ENABLE_TESTABILITY = YES;
				ENABLE_USER_SCRIPT_SANDBOXING = YES;
				GCC_C_LANGUAGE_STANDARD = gnu17;
				GCC_DYNAMIC_NO_PIC = NO;
				GCC_NO_COMMON_BLOCKS = YES;
				GCC_OPTIMIZATION_LEVEL = 0;
				GCC_PREPROCESSOR_DEFINITIONS = (
					"DEBUG=1",
					"$(inherited)",
				);
				GCC_WARN_64_TO_32_BIT_CONVERSION = YES;
				GCC_WARN_ABOUT_RETURN_TYPE = YES_ERROR;
				GCC_WARN_UNDECLARED_SELECTOR = YES;
				GCC_WARN_UNINITIALIZED_AUTOS = YES_AGGRESSIVE;
				GCC_WARN_UNUSED_FUNCTION = YES;
				GCC_WARN_UNUSED_VARIABLE = YES;
				IPHONEOS_DEPLOYMENT_TARGET = 17.0;
				LOCALIZATION_PREFERS_STRING_CATALOGS = YES;
				MTL_ENABLE_DEBUG_INFO = INCLUDE_SOURCE;
				MTL_FAST_MATH = YES;
				ONLY_ACTIVE_ARCH = YES;
				SDKROOT = iphoneos;
				SWIFT_ACTIVE_COMPILATION_CONDITIONS = "DEBUG $(inherited)";
				SWIFT_OPTIMIZATION_LEVEL = "-Onone";
			};
			name = Debug;
		};
		BC1278DD2B7CB2AF00C42283 /* Release */ = {
			isa = XCBuildConfiguration;
			buildSettings = {
				ALWAYS_SEARCH_USER_PATHS = NO;
				ASSETCATALOG_COMPILER_GENERATE_SWIFT_ASSET_SYMBOL_EXTENSIONS = YES;
				CLANG_ANALYZER_NONNULL = YES;
				CLANG_ANALYZER_NUMBER_OBJECT_CONVERSION = YES_AGGRESSIVE;
				CLANG_CXX_LANGUAGE_STANDARD = "gnu++20";
				CLANG_ENABLE_MODULES = YES;
				CLANG_ENABLE_OBJC_ARC = YES;
				CLANG_ENABLE_OBJC_WEAK = YES;
				CLANG_WARN_BLOCK_CAPTURE_AUTORELEASING = YES;
				CLANG_WARN_BOOL_CONVERSION = YES;
				CLANG_WARN_COMMA = YES;
				CLANG_WARN_CONSTANT_CONVERSION = YES;
				CLANG_WARN_DEPRECATED_OBJC_IMPLEMENTATIONS = YES;
				CLANG_WARN_DIRECT_OBJC_ISA_USAGE = YES_ERROR;
				CLANG_WARN_DOCUMENTATION_COMMENTS = YES;
				CLANG_WARN_EMPTY_BODY = YES;
				CLANG_WARN_ENUM_CONVERSION = YES;
				CLANG_WARN_INFINITE_RECURSION = YES;
				CLANG_WARN_INT_CONVERSION = YES;
				CLANG_WARN_NON_LITERAL_NULL_CONVERSION = YES;
				CLANG_WARN_OBJC_IMPLICIT_RETAIN_SELF = YES;
				CLANG_WARN_OBJC_LITERAL_CONVERSION = YES;
				CLANG_WARN_OBJC_ROOT_CLASS = YES_ERROR;
				CLANG_WARN_QUOTED_INCLUDE_IN_FRAMEWORK_HEADER = YES;
				CLANG_WARN_RANGE_LOOP_ANALYSIS = YES;
				CLANG_WARN_STRICT_PROTOTYPES = YES;
				CLANG_WARN_SUSPICIOUS_MOVE = YES;
				CLANG_WARN_UNGUARDED_AVAILABILITY = YES_AGGRESSIVE;
				CLANG_WARN_UNREACHABLE_CODE = YES;
				CLANG_WARN__DUPLICATE_METHOD_MATCH = YES;
				COPY_PHASE_STRIP = NO;
				DEBUG_INFORMATION_FORMAT = "dwarf-with-dsym";
				ENABLE_NS_ASSERTIONS = NO;
				ENABLE_STRICT_OBJC_MSGSEND = YES;
				ENABLE_USER_SCRIPT_SANDBOXING = YES;
				GCC_C_LANGUAGE_STANDARD = gnu17;
				GCC_NO_COMMON_BLOCKS = YES;
				GCC_WARN_64_TO_32_BIT_CONVERSION = YES;
				GCC_WARN_ABOUT_RETURN_TYPE = YES_ERROR;
				GCC_WARN_UNDECLARED_SELECTOR = YES;
				GCC_WARN_UNINITIALIZED_AUTOS = YES_AGGRESSIVE;
				GCC_WARN_UNUSED_FUNCTION = YES;
				GCC_WARN_UNUSED_VARIABLE = YES;
				IPHONEOS_DEPLOYMENT_TARGET = 17.0;
				LOCALIZATION_PREFERS_STRING_CATALOGS = YES;
				MTL_ENABLE_DEBUG_INFO = NO;
				MTL_FAST_MATH = YES;
				SDKROOT = iphoneos;
				SWIFT_COMPILATION_MODE = wholemodule;
				VALIDATE_PRODUCT = YES;
			};
			name = Release;
		};
		BC1278DF2B7CB2AF00C42283 /* Debug */ = {
			isa = XCBuildConfiguration;
			buildSettings = {
				ASSETCATALOG_COMPILER_APPICON_NAME = AppIcon;
				ASSETCATALOG_COMPILER_GLOBAL_ACCENT_COLOR_NAME = AccentColor;
				CODE_SIGN_STYLE = Automatic;
				CURRENT_PROJECT_VERSION = 1;
				DEVELOPMENT_ASSET_PATHS = "\"PracticeProject/Preview Content\"";
				DEVELOPMENT_TEAM = "";
				ENABLE_PREVIEWS = YES;
				GENERATE_INFOPLIST_FILE = YES;
				INFOPLIST_KEY_CFBundleDisplayName = PracticeProject;
				INFOPLIST_KEY_UIApplicationSceneManifest_Generation = YES;
				INFOPLIST_KEY_UIApplicationSupportsIndirectInputEvents = YES;
				INFOPLIST_KEY_UILaunchScreen_Generation = YES;
				INFOPLIST_KEY_UISupportedInterfaceOrientations_iPad = "UIInterfaceOrientationPortrait UIInterfaceOrientationPortraitUpsideDown UIInterfaceOrientationLandscapeLeft UIInterfaceOrientationLandscapeRight";
				INFOPLIST_KEY_UISupportedInterfaceOrientations_iPhone = "UIInterfaceOrientationPortrait UIInterfaceOrientationLandscapeLeft UIInterfaceOrientationLandscapeRight";
				LD_RUNPATH_SEARCH_PATHS = (
					"$(inherited)",
					"@executable_path/Frameworks",
				);
				MARKETING_VERSION = 1.0;
				PRODUCT_BUNDLE_IDENTIFIER = com.mairam.PracticeProject;
				PRODUCT_NAME = "$(TARGET_NAME)";
				SWIFT_EMIT_LOC_STRINGS = YES;
				SWIFT_VERSION = 5.0;
				TARGETED_DEVICE_FAMILY = "1,2";
			};
			name = Debug;
		};
		BC1278E02B7CB2AF00C42283 /* Release */ = {
			isa = XCBuildConfiguration;
			buildSettings = {
				ASSETCATALOG_COMPILER_APPICON_NAME = AppIcon;
				ASSETCATALOG_COMPILER_GLOBAL_ACCENT_COLOR_NAME = AccentColor;
				CODE_SIGN_STYLE = Automatic;
				CURRENT_PROJECT_VERSION = 1;
				DEVELOPMENT_ASSET_PATHS = "\"PracticeProject/Preview Content\"";
				DEVELOPMENT_TEAM = "";
				ENABLE_PREVIEWS = YES;
				GENERATE_INFOPLIST_FILE = YES;
				INFOPLIST_KEY_CFBundleDisplayName = PracticeProject;
				INFOPLIST_KEY_UIApplicationSceneManifest_Generation = YES;
				INFOPLIST_KEY_UIApplicationSupportsIndirectInputEvents = YES;
				INFOPLIST_KEY_UILaunchScreen_Generation = YES;
				INFOPLIST_KEY_UISupportedInterfaceOrientations_iPad = "UIInterfaceOrientationPortrait UIInterfaceOrientationPortraitUpsideDown UIInterfaceOrientationLandscapeLeft UIInterfaceOrientationLandscapeRight";
				INFOPLIST_KEY_UISupportedInterfaceOrientations_iPhone = "UIInterfaceOrientationPortrait UIInterfaceOrientationLandscapeLeft UIInterfaceOrientationLandscapeRight";
				LD_RUNPATH_SEARCH_PATHS = (
					"$(inherited)",
					"@executable_path/Frameworks",
				);
				MARKETING_VERSION = 1.0;
				PRODUCT_BUNDLE_IDENTIFIER = com.mairam.PracticeProject;
				PRODUCT_NAME = "$(TARGET_NAME)";
				SWIFT_EMIT_LOC_STRINGS = YES;
				SWIFT_VERSION = 5.0;
				TARGETED_DEVICE_FAMILY = "1,2";
			};
			name = Release;
		};
/* End XCBuildConfiguration section */

/* Begin XCConfigurationList section */
		BC1278CB2B7CB2AE00C42283 /* Build configuration list for PBXProject "PracticeProject" */ = {
			isa = XCConfigurationList;
			buildConfigurations = (
				BC1278DC2B7CB2AF00C42283 /* Debug */,
				BC1278DD2B7CB2AF00C42283 /* Release */,
			);
			defaultConfigurationIsVisible = 0;
			defaultConfigurationName = Release;
		};
		BC1278DE2B7CB2AF00C42283 /* Build configuration list for PBXNativeTarget "PracticeProject" */ = {
			isa = XCConfigurationList;
			buildConfigurations = (
				BC1278DF2B7CB2AF00C42283 /* Debug */,
				BC1278E02B7CB2AF00C42283 /* Release */,
			);
			defaultConfigurationIsVisible = 0;
			defaultConfigurationName = Release;
		};
/* End XCConfigurationList section */
	};
	rootObject = BC1278C82B7CB2AE00C42283 /* Project object */;
}
